
Microsoft Visual Studio Solution File, Format Version 12.00
# Visual Studio 2012
Project("{D954291E-2A0B-460D-934E-DC6B0785DB48}") = "PTConnect", "PTConnect\PTConnect.shproj", "{D02E13BE-55ED-4ED3-AD4D-A42D2D7E464C}"
EndProject
Project("{FAE04EC0-301F-11D3-BF4B-00C04F79EFBC}") = "PTConnect.iOS", "iOS\PTConnect.iOS.csproj", "{58C89003-32B4-452B-B42B-D9C5A1DF9B94}"
EndProject
Project("{FAE04EC0-301F-11D3-BF4B-00C04F79EFBC}") = "PTConnect.Droid", "Droid\PTConnect.Droid.csproj", "{EDC8ED9E-4689-4B8C-AA41-24B50C76AE07}"
EndProject
Project("{FAE04EC0-301F-11D3-BF4B-00C04F79EFBC}") = "PTConnect.MobileAppService", "MobileAppService\PTConnect.MobileAppService.csproj", "{269D978A-5881-44FC-9EDB-70A0801D55C8}"
EndProject
Global
	GlobalSection(SolutionConfigurationPlatforms) = preSolution
		Debug|iPhoneSimulator = Debug|iPhoneSimulator
		Release|iPhone = Release|iPhone
		Release|iPhoneSimulator = Release|iPhoneSimulator
		Debug|iPhone = Debug|iPhone
		Debug|Any CPU = Debug|Any CPU
		Release|Any CPU = Release|Any CPU
	EndGlobalSection
	GlobalSection(ProjectConfigurationPlatforms) = postSolution
		{58C89003-32B4-452B-B42B-D9C5A1DF9B94}.Debug|iPhoneSimulator.ActiveCfg = Debug|iPhoneSimulator
		{58C89003-32B4-452B-B42B-D9C5A1DF9B94}.Debug|iPhoneSimulator.Build.0 = Debug|iPhoneSimulator
		{58C89003-32B4-452B-B42B-D9C5A1DF9B94}.Release|iPhone.ActiveCfg = Release|iPhone
		{58C89003-32B4-452B-B42B-D9C5A1DF9B94}.Release|iPhone.Build.0 = Release|iPhone
		{58C89003-32B4-452B-B42B-D9C5A1DF9B94}.Release|iPhoneSimulator.ActiveCfg = Release|iPhoneSimulator
		{58C89003-32B4-452B-B42B-D9C5A1DF9B94}.Release|iPhoneSimulator.Build.0 = Release|iPhoneSimulator
		{58C89003-32B4-452B-B42B-D9C5A1DF9B94}.Debug|iPhone.ActiveCfg = Debug|iPhone
		{58C89003-32B4-452B-B42B-D9C5A1DF9B94}.Debug|iPhone.Build.0 = Debug|iPhone
		{58C89003-32B4-452B-B42B-D9C5A1DF9B94}.Debug|Any CPU.ActiveCfg = Debug|iPhoneSimulator
		{58C89003-32B4-452B-B42B-D9C5A1DF9B94}.Debug|Any CPU.Build.0 = Debug|iPhoneSimulator
		{58C89003-32B4-452B-B42B-D9C5A1DF9B94}.Release|Any CPU.ActiveCfg = Release|iPhone
		{58C89003-32B4-452B-B42B-D9C5A1DF9B94}.Release|Any CPU.Build.0 = Release|iPhone
		{EDC8ED9E-4689-4B8C-AA41-24B50C76AE07}.Debug|iPhoneSimulator.ActiveCfg = Debug|Any CPU
		{EDC8ED9E-4689-4B8C-AA41-24B50C76AE07}.Debug|iPhoneSimulator.Build.0 = Debug|Any CPU
		{EDC8ED9E-4689-4B8C-AA41-24B50C76AE07}.Release|iPhone.ActiveCfg = Release|Any CPU
		{EDC8ED9E-4689-4B8C-AA41-24B50C76AE07}.Release|iPhone.Build.0 = Release|Any CPU
		{EDC8ED9E-4689-4B8C-AA41-24B50C76AE07}.Release|iPhoneSimulator.ActiveCfg = Release|Any CPU
		{EDC8ED9E-4689-4B8C-AA41-24B50C76AE07}.Release|iPhoneSimulator.Build.0 = Release|Any CPU
		{EDC8ED9E-4689-4B8C-AA41-24B50C76AE07}.Debug|iPhone.ActiveCfg = Debug|Any CPU
		{EDC8ED9E-4689-4B8C-AA41-24B50C76AE07}.Debug|iPhone.Build.0 = Debug|Any CPU
		{EDC8ED9E-4689-4B8C-AA41-24B50C76AE07}.Debug|Any CPU.ActiveCfg = Debug|Any CPU
		{EDC8ED9E-4689-4B8C-AA41-24B50C76AE07}.Debug|Any CPU.Build.0 = Debug|Any CPU
		{EDC8ED9E-4689-4B8C-AA41-24B50C76AE07}.Release|Any CPU.ActiveCfg = Release|Any CPU
		{EDC8ED9E-4689-4B8C-AA41-24B50C76AE07}.Release|Any CPU.Build.0 = Release|Any CPU
		{269D978A-5881-44FC-9EDB-70A0801D55C8}.Debug|iPhoneSimulator.ActiveCfg = Debug|Any CPU
		{269D978A-5881-44FC-9EDB-70A0801D55C8}.Debug|iPhoneSimulator.Build.0 = Debug|Any CPU
		{269D978A-5881-44FC-9EDB-70A0801D55C8}.Release|iPhone.ActiveCfg = Release|Any CPU
		{269D978A-5881-44FC-9EDB-70A0801D55C8}.Release|iPhone.Build.0 = Release|Any CPU
		{269D978A-5881-44FC-9EDB-70A0801D55C8}.Release|iPhoneSimulator.ActiveCfg = Release|Any CPU
		{269D978A-5881-44FC-9EDB-70A0801D55C8}.Release|iPhoneSimulator.Build.0 = Release|Any CPU
		{269D978A-5881-44FC-9EDB-70A0801D55C8}.Debug|iPhone.ActiveCfg = Debug|Any CPU
		{269D978A-5881-44FC-9EDB-70A0801D55C8}.Debug|iPhone.Build.0 = Debug|Any CPU
		{269D978A-5881-44FC-9EDB-70A0801D55C8}.Debug|Any CPU.ActiveCfg = Debug|Any CPU
		{269D978A-5881-44FC-9EDB-70A0801D55C8}.Debug|Any CPU.Build.0 = Debug|Any CPU
		{269D978A-5881-44FC-9EDB-70A0801D55C8}.Release|Any CPU.ActiveCfg = Release|Any CPU
		{269D978A-5881-44FC-9EDB-70A0801D55C8}.Release|Any CPU.Build.0 = Release|Any CPU
	EndGlobalSection
EndGlobal
